
Microsoft Visual Studio Solution File, Format Version 12.00
# Visual Studio 14
VisualStudioVersion = 14.0.25420.1
MinimumVisualStudioVersion = 10.0.40219.1
Project("{FAE04EC0-301F-11D3-BF4B-00C04F79EFBC}") = "Capstone_ECommerce_progject", "Capstone_ECommerce_progject\Capstone_ECommerce_progject.csproj", "{C28752DC-87A7-46EF-8DD8-1F2082F09ACC}"
EndProject
Global
	GlobalSection(SolutionConfigurationPlatforms) = preSolution
		Debug|Any CPU = Debug|Any CPU
		Release|Any CPU = Release|Any CPU
	EndGlobalSection
	GlobalSection(ProjectConfigurationPlatforms) = postSolution
		{C28752DC-87A7-46EF-8DD8-1F2082F09ACC}.Debug|Any CPU.ActiveCfg = Debug|Any CPU
		{C28752DC-87A7-46EF-8DD8-1F2082F09ACC}.Debug|Any CPU.Build.0 = Debug|Any CPU
		{C28752DC-87A7-46EF-8DD8-1F2082F09ACC}.Release|Any CPU.ActiveCfg = Release|Any CPU
		{C28752DC-87A7-46EF-8DD8-1F2082F09ACC}.Release|Any CPU.Build.0 = Release|Any CPU
	EndGlobalSection
	GlobalSection(SolutionProperties) = preSolution
		HideSolutionNode = FALSE
	EndGlobalSection
EndGlobal
